{
  "name": "angular-electron",
  "version": "13.0.0",
  "lockfileVersion": 2,
  "requires": true,
  "packages": {
    "": {
      "name": "angular-electron",
      "version": "13.0.0",
      "dependencies": {
        "native-keymap": "^3.3.4"
      }
    },
    "node_modules/native-keymap": {
      "version": "3.3.4",
      "resolved": "https://registry.npmjs.org/native-keymap/-/native-keymap-3.3.4.tgz",
      "integrity": "sha512-dFxL5bzWDsnPT6dZbtq9OXuETdgNMio5o0IeUTGXvwH9WqMMR/1Aytt/zz+e281qEko8iFmt98saOX7EN7BRPg==",
      "hasInstallScript": true
    }
  },
  "dependencies": {
    "native-keymap": {
      "version": "3.3.4",
      "resolved": "https://registry.npmjs.org/native-keymap/-/native-keymap-3.3.4.tgz",
      "integrity": "sha512-dFxL5bzWDsnPT6dZbtq9OXuETdgNMio5o0IeUTGXvwH9WqMMR/1Aytt/zz+e281qEko8iFmt98saOX7EN7BRPg=="
    }
  }
}
